<?xml version="1.0" encoding="utf-8"?>
<Project ToolsVersion="4.0" xmlns="http://schemas.microsoft.com/developer/msbuild/2003">
  <ItemGroup>
    <ClCompile Include="..\SynapticResynthesis.cpp" />
    <ClCompile Include="..\..\..\IPlug\AAX\IPlugAAX.cpp">
      <Filter>IPlug\AAX</Filter>
    </ClCompile>
    <ClCompile Include="..\..\..\IPlug\AAX\IPlugAAX_Describe.cpp">
      <Filter>IPlug\AAX</Filter>
    </ClCompile>
    <ClCompile Include="..\..\..\IPlug\AAX\IPlugAAX_Parameters.cpp">
      <Filter>IPlug\AAX</Filter>
    </ClCompile>
    <ClCompile Include="..\..\..\Dependencies\IPlug\AAX_SDK\Interfaces\AAX_Exports.cpp">
      <Filter>IPlug\AAX</Filter>
    </ClCompile>
    <ClCompile Include="..\..\..\IPlug\IPlugAPIBase.cpp">
      <Filter>IPlug</Filter>
    </ClCompile>
    <ClCompile Include="..\..\..\IPlug\IPlugParameter.cpp">
      <Filter>IPlug</Filter>
    </ClCompile>
    <ClCompile Include="..\..\..\IPlug\IPlugPaths.cpp">
      <Filter>IPlug</Filter>
    </ClCompile>
    <ClCompile Include="..\..\..\IPlug\IPlugPluginBase.cpp">
      <Filter>IPlug</Filter>
    </ClCompile>
    <ClCompile Include="..\..\..\IPlug\IPlugProcessor.cpp">
      <Filter>IPlug</Filter>
    </ClCompile>
    <ClCompile Include="..\..\..\IPlug\IPlugTimer.cpp">
      <Filter>IPlug</Filter>
    </ClCompile>
    <ClCompile Include="..\plugin_src\brain\BrainManager.cpp">
      <Filter>plugin_src\modules</Filter>
    </ClCompile>
    <ClCompile Include="..\plugin_src\modules\WindowCoordinator.cpp">
      <Filter>plugin_src\modules</Filter>
    </ClCompile>
    <ClCompile Include="..\plugin_src\modules\AudioStreamChunker.cpp">
      <Filter>plugin_src\modules</Filter>
    </ClCompile>
    <ClCompile Include="..\plugin_src\params\ParameterManager.cpp">
      <Filter>plugin_src\modules</Filter>
    </ClCompile>
    <ClCompile Include="..\plugin_src\serialization\StateSerializer.cpp">
      <Filter>plugin_src\modules</Filter>
    </ClCompile>
    <ClCompile Include="..\plugin_src\brain\Brain.cpp">
      <Filter>plugin_src\samplebrain</Filter>
    </ClCompile>
  </ItemGroup>
  <ItemGroup>
    <ClInclude Include="..\SynapticResynthesis.h" />
    <ClInclude Include="..\resources\resource.h">
      <Filter>resources</Filter>
    </ClInclude>
    <ClInclude Include="..\..\..\IPlug\AAX\IPlugAAX.h">
      <Filter>IPlug\AAX</Filter>
    </ClInclude>
    <ClInclude Include="..\config.h" />
    <ClInclude Include="..\..\..\IPlug\AAX\IPlugAAX_TaperDelegate.h">
      <Filter>IPlug\AAX</Filter>
    </ClInclude>
    <ClInclude Include="..\..\..\IPlug\AAX\IPlugAAX_Parameters.h">
      <Filter>IPlug\AAX</Filter>
    </ClInclude>
    <ClInclude Include="..\..\..\IPlug\IPlug_include_in_plug_hdr.h">
      <Filter>IPlug</Filter>
    </ClInclude>
    <ClInclude Include="..\..\..\IPlug\IPlug_include_in_plug_src.h">
      <Filter>IPlug</Filter>
    </ClInclude>
    <ClInclude Include="..\..\..\IPlug\IPlugAPIBase.h">
      <Filter>IPlug</Filter>
    </ClInclude>
    <ClInclude Include="..\..\..\IPlug\IPlugConstants.h">
      <Filter>IPlug</Filter>
    </ClInclude>
    <ClInclude Include="..\..\..\IPlug\IPlugDelegate_select.h">
      <Filter>IPlug</Filter>
    </ClInclude>
    <ClInclude Include="..\..\..\IPlug\IPlugEditorDelegate.h">
      <Filter>IPlug</Filter>
    </ClInclude>
    <ClInclude Include="..\..\..\IPlug\IPlugLogger.h">
      <Filter>IPlug</Filter>
    </ClInclude>
    <ClInclude Include="..\..\..\IPlug\IPlugMidi.h">
      <Filter>IPlug</Filter>
    </ClInclude>
    <ClInclude Include="..\..\..\IPlug\IPlugParameter.h">
      <Filter>IPlug</Filter>
    </ClInclude>
    <ClInclude Include="..\..\..\IPlug\IPlugPaths.h">
      <Filter>IPlug</Filter>
    </ClInclude>
    <ClInclude Include="..\..\..\IPlug\IPlugPlatform.h">
      <Filter>IPlug</Filter>
    </ClInclude>
    <ClInclude Include="..\..\..\IPlug\IPlugPluginBase.h">
      <Filter>IPlug</Filter>
    </ClInclude>
    <ClInclude Include="..\..\..\IPlug\IPlugProcessor.h">
      <Filter>IPlug</Filter>
    </ClInclude>
    <ClInclude Include="..\..\..\IPlug\IPlugQueue.h">
      <Filter>IPlug</Filter>
    </ClInclude>
    <ClInclude Include="..\..\..\IPlug\IPlugStructs.h">
      <Filter>IPlug</Filter>
    </ClInclude>
    <ClInclude Include="..\..\..\IPlug\IPlugTimer.h">
      <Filter>IPlug</Filter>
    </ClInclude>
    <ClInclude Include="..\..\..\IPlug\IPlugUtilities.h">
      <Filter>IPlug</Filter>
    </ClInclude>
    <ClInclude Include="..\..\..\IPlug\ISender.h" />
    <ClInclude Include="..\exdeps\miniaudio\miniaudio.h">
      <Filter>exdeps</Filter>
    </ClInclude>
    <ClInclude Include="..\plugin_src\modules\AudioStreamChunker.h">
      <Filter>plugin_src</Filter>
    </ClInclude>
    <ClInclude Include="..\plugin_src\transformers\BaseTransformer.h">
      <Filter>plugin_src</Filter>
    </ClInclude>
    <ClInclude Include="..\plugin_src\audio\FeatureAnalysis.h">
      <Filter>plugin_src</Filter>
    </ClInclude>
    <ClInclude Include="..\plugin_src\PlatformFileDialogs.h">
      <Filter>plugin_src</Filter>
    </ClInclude>
    <ClInclude Include="..\plugin_src\transformers\TransformerFactory.h">
      <Filter>plugin_src</Filter>
    </ClInclude>
    <ClInclude Include="..\plugin_src\audio\Window.h">
      <Filter>plugin_src</Filter>
    </ClInclude>
    <ClInclude Include="..\plugin_src\brain\BrainManager.h">
      <Filter>plugin_src\modules</Filter>
    </ClInclude>
    <ClInclude Include="..\plugin_src\modules\DSPConfig.h">
      <Filter>plugin_src\modules</Filter>
    </ClInclude>
    <ClInclude Include="..\plugin_src\params\ParameterManager.h">
      <Filter>plugin_src\modules</Filter>
    </ClInclude>
    <ClInclude Include="..\plugin_src\serialization\StateSerializer.h">
      <Filter>plugin_src\modules</Filter>
    </ClInclude>
    <ClInclude Include="..\plugin_src\brain\Brain.h">
      <Filter>plugin_src\samplebrain</Filter>
    </ClInclude>
  </ItemGroup>
  <ItemGroup>
    <Filter Include="resources">
      <UniqueIdentifier>{a579504a-f161-47bd-bd30-7f18317f0e93}</UniqueIdentifier>
    </Filter>
    <Filter Include="IPlug">
      <UniqueIdentifier>{047ecfad-1a55-49a2-8621-1a4ad2905606}</UniqueIdentifier>
    </Filter>
    <Filter Include="IPlug\AAX">
      <UniqueIdentifier>{1fc481f5-85f5-43e6-924f-2be0689a4710}</UniqueIdentifier>
    </Filter>
    <Filter Include="config">
      <UniqueIdentifier>{464e659e-834a-453a-9150-dbaf783f8307}</UniqueIdentifier>
    </Filter>
    <Filter Include="IPlug\Extras">
      <UniqueIdentifier>{8dd2cb02-24a2-435a-b046-2d75e4e3bf7a}</UniqueIdentifier>
    </Filter>
    <Filter Include="IPlug\Extras\WebView">
      <UniqueIdentifier>{abdec6a8-36a1-4bdf-886a-455571770c64}</UniqueIdentifier>
    </Filter>
    <Filter Include="plugin_src">
      <UniqueIdentifier>{f1a2b3c4-d5e6-f7a8-b9c0-d1e2f3a4b5c6}</UniqueIdentifier>
    </Filter>
    <Filter Include="plugin_src\modules">
      <UniqueIdentifier>{a1b2c3d4-e5f6-a7b8-c9d0-e1f2a3b4c5d6}</UniqueIdentifier>
    </Filter>
    <Filter Include="plugin_src\samplebrain">
      <UniqueIdentifier>{b1c2d3e4-f5a6-b7c8-d9e0-f1a2b3c4d5e6}</UniqueIdentifier>
    </Filter>
    <Filter Include="exdeps">
      <UniqueIdentifier>{c1d2e3f4-a5b6-c7d8-e9f0-a1b2c3d4e5f6}</UniqueIdentifier>
    </Filter>
  </ItemGroup>
  <ItemGroup>
    <ResourceCompile Include="..\resources\main.rc">
      <Filter>resources</Filter>
    </ResourceCompile>
  </ItemGroup>
  <ItemGroup>
    <None Include="..\config\SynapticResynthesis-ios.xcconfig">
      <Filter>config</Filter>
    </None>
    <None Include="..\config\SynapticResynthesis-web.mk">
      <Filter>config</Filter>
    </None>
    <None Include="..\config\SynapticResynthesis-win.props">
      <Filter>config</Filter>
    </None>
    <None Include="..\config\SynapticResynthesis-mac.xcconfig">
      <Filter>config</Filter>
    </None>
    <None Include="packages.config" />
  </ItemGroup>
  <ItemGroup>
    <Natvis Include="$(MSBuildThisFileDirectory)..\..\natvis\wil.natvis" />
  </ItemGroup>
</Project>